dependencies:
- name: tezos-api-gateway
  repository: oci://registry.gitlab.com/the-blockchain-xdev/xdev-product/enterprise-business-network/tezos-api-gateway/helm
  version: 0.1.0
digest: sha256:9762e853bc62a0f50541857c3d0d62e5a94ad8535f5bba114a5deec13b143a54
generated: "2021-03-15T17:26:01.634464683+01:00"
