dependencies:
- name: postgresql
  repository: https://charts.bitnami.com/bitnami
  version: 10.2.5
- name: rabbitmq
  repository: https://charts.bitnami.com/bitnami
  version: 8.16.3
- name: mongodb
  repository: https://charts.bitnami.com/bitnami
  version: 10.10.0
digest: sha256:86f26f55fed8b6371284ce883aa4db8eb0987539b896ae7c23be10b1fefcd23d
generated: "2021-07-12T16:55:35.352357+02:00"
