dependencies:
- name: postgresql
  repository: https://charts.bitnami.com/bitnami
  version: 10.2.5
- name: keycloak
  repository: https://charts.bitnami.com/bitnami
  version: 2.4.3
- name: tezos-api-gateway
  repository: oci://registry.gitlab.com/xdev-tech/xdev-enterprise-business-network/tezos-api-gateway/helm
  version: 0.3.0-develop.302
digest: sha256:f35aec3f49e09c07982b90dfb73f733531e2e1d7d0d592c553000335589cb98c
generated: "2021-08-18T12:23:48.879490279+02:00"
