dependencies:
- name: postgresql
  repository: https://charts.bitnami.com/bitnami
  version: 10.2.5
- name: keycloak
  repository: oci://registry.gitlab.com/xdev-tech/xdev-enterprise-business-network/keycloak/helm
  version: 2.4.3-develop.71
- name: tezos-api-gateway
  repository: oci://registry.gitlab.com/xdev-tech/xdev-enterprise-business-network/tezos-api-gateway/helm
  version: 0.4.0-develop.488
digest: sha256:a17d0c3c91169c74406b02861b373d5e4f2d387bb4fd103f6efe1af013ca0fd1
generated: "2021-08-26T08:27:04.131149+02:00"
